
Microsoft Visual Studio Solution File, Format Version 12.00
Project("{FAE04EC0-301F-11D3-BF4B-00C04F79EFBC}") = "SharpDomainValue", "SharpDomainValue\SharpDomainValue.csproj", "{BE293AA2-6BB9-4C98-862B-4184F7F810EE}"
EndProject
Project("{FAE04EC0-301F-11D3-BF4B-00C04F79EFBC}") = "CreateFrequencyDictionary", "CreateFrequencyDictionary\CreateFrequencyDictionary.csproj", "{4C93EACE-5330-46AA-8EB3-7D959A1567C7}"
EndProject
Global
	GlobalSection(SolutionConfigurationPlatforms) = preSolution
		Debug|Any CPU = Debug|Any CPU
		Release|Any CPU = Release|Any CPU
	EndGlobalSection
	GlobalSection(ProjectConfigurationPlatforms) = postSolution
		{BE293AA2-6BB9-4C98-862B-4184F7F810EE}.Debug|Any CPU.ActiveCfg = Debug|Any CPU
		{BE293AA2-6BB9-4C98-862B-4184F7F810EE}.Debug|Any CPU.Build.0 = Debug|Any CPU
		{BE293AA2-6BB9-4C98-862B-4184F7F810EE}.Release|Any CPU.ActiveCfg = Release|Any CPU
		{BE293AA2-6BB9-4C98-862B-4184F7F810EE}.Release|Any CPU.Build.0 = Release|Any CPU
		{4C93EACE-5330-46AA-8EB3-7D959A1567C7}.Debug|Any CPU.ActiveCfg = Debug|Any CPU
		{4C93EACE-5330-46AA-8EB3-7D959A1567C7}.Debug|Any CPU.Build.0 = Debug|Any CPU
		{4C93EACE-5330-46AA-8EB3-7D959A1567C7}.Release|Any CPU.ActiveCfg = Release|Any CPU
		{4C93EACE-5330-46AA-8EB3-7D959A1567C7}.Release|Any CPU.Build.0 = Release|Any CPU
	EndGlobalSection
EndGlobal
